// !$*UTF8*$!
{
	archiveVersion = 1;
	classes = {
	};
	objectVersion = 77;
	objects = {

/* Begin PBXBuildFile section */
		2C8FC280293D81C17BFE76F1 /* CallSession.swift in Sources */ = {isa = PBXBuildFile; fileRef = 5CC4F4B289EF734E828A2331 /* CallSession.swift */; };
		49E93AC3D3B89501DDB173EF /* ElevenLabsSocket.swift in Sources */ = {isa = PBXBuildFile; fileRef = 015C74422FB8D3CB5010E900 /* ElevenLabsSocket.swift */; };
		675A3802E1B12DD7F6EB87B5 /* ClementCallApp.swift in Sources */ = {isa = PBXBuildFile; fileRef = A1F80ED40442CE9212B382D7 /* ClementCallApp.swift */; };
		7E2E5F63F4508258DF6593B3 /* AudioPipeline.swift in Sources */ = {isa = PBXBuildFile; fileRef = 95FC06EE0F4335D2711515E6 /* AudioPipeline.swift */; };
		D56DB8E799FD019B57FAC61A /* CallView.swift in Sources */ = {isa = PBXBuildFile; fileRef = 3A8032AEBAB974DFF79BC1FC /* CallView.swift */; };
/* End PBXBuildFile section */

/* Begin PBXFileReference section */
		015C74422FB8D3CB5010E900 /* ElevenLabsSocket.swift */ = {isa = PBXFileReference; lastKnownFileType = sourcecode.swift; path = ElevenLabsSocket.swift; sourceTree = "<group>"; };
		3A8032AEBAB974DFF79BC1FC /* CallView.swift */ = {isa = PBXFileReference; lastKnownFileType = sourcecode.swift; path = CallView.swift; sourceTree = "<group>"; };
		5CC4F4B289EF734E828A2331 /* CallSession.swift */ = {isa = PBXFileReference; lastKnownFileType = sourcecode.swift; path = CallSession.swift; sourceTree = "<group>"; };
		8D2981B9A324BAD1970C602C /* ClementCall.app */ = {isa = PBXFileReference; includeInIndex = 0; lastKnownFileType = wrapper.application; path = ClementCall.app; sourceTree = BUILT_PRODUCTS_DIR; };
		95FC06EE0F4335D2711515E6 /* AudioPipeline.swift */ = {isa = PBXFileReference; lastKnownFileType = sourcecode.swift; path = AudioPipeline.swift; sourceTree = "<group>"; };
		A1F80ED40442CE9212B382D7 /* ClementCallApp.swift */ = {isa = PBXFileReference; lastKnownFileType = sourcecode.swift; path = ClementCallApp.swift; sourceTree = "<group>"; };
		DF76C34485934F0C58CA0804 /* Info.plist */ = {isa = PBXFileReference; lastKnownFileType = text.plist; path = Info.plist; sourceTree = "<group>"; };
/* End PBXFileReference section */

/* Begin PBXGroup section */
		1C3FE5B20B0400EED4669455 /* ClementCall */ = {
			isa = PBXGroup;
			children = (
				95FC06EE0F4335D2711515E6 /* AudioPipeline.swift */,
				5CC4F4B289EF734E828A2331 /* CallSession.swift */,
				3A8032AEBAB974DFF79BC1FC /* CallView.swift */,
				A1F80ED40442CE9212B382D7 /* ClementCallApp.swift */,
				015C74422FB8D3CB5010E900 /* ElevenLabsSocket.swift */,
				DF76C34485934F0C58CA0804 /* Info.plist */,
			);
			path = ClementCall;
			sourceTree = "<group>";
		};
		2BDFA7A84174F6CD090BAF40 /* Products */ = {
			isa = PBXGroup;
			children = (
				8D2981B9A324BAD1970C602C /* ClementCall.app */,
			);
			name = Products;
			sourceTree = "<group>";
		};
		FFDE91A67381EF04C84A9139 = {
			isa = PBXGroup;
			children = (
				1C3FE5B20B0400EED4669455 /* ClementCall */,
				2BDFA7A84174F6CD090BAF40 /* Products */,
			);
			sourceTree = "<group>";
		};
/* End PBXGroup section */

/* Begin PBXNativeTarget section */
		D1C1AA6240A0F754C12D491D /* ClementCall */ = {
			isa = PBXNativeTarget;
			buildConfigurationList = 4A0A405678E23FF5CAFCB780 /* Build configuration list for PBXNativeTarget "ClementCall" */;
			buildPhases = (
				229443AFDF22BE7905967EA6 /* Sources */,
			);
			buildRules = (
			);
			dependencies = (
			);
			name = ClementCall;
			packageProductDependencies = (
			);
			productName = ClementCall;
			productReference = 8D2981B9A324BAD1970C602C /* ClementCall.app */;
			productType = "com.apple.product-type.application";
		};
/* End PBXNativeTarget section */

/* Begin PBXProject section */
		C44736AD94758C653E5455F5 /* Project object */ = {
			isa = PBXProject;
			attributes = {
				BuildIndependentTargetsInParallel = YES;
				LastUpgradeCheck = 1430;
				TargetAttributes = {
					D1C1AA6240A0F754C12D491D = {
						DevelopmentTeam = WPBZD3BH2S;
						ProvisioningStyle = Automatic;
					};
				};
			};
			buildConfigurationList = 4BFC5EC0EC7C616D2A66EAA5 /* Build configuration list for PBXProject "ClementCall" */;
			developmentRegion = en;
			hasScannedForEncodings = 0;
			knownRegions = (
				Base,
				en,
			);
			mainGroup = FFDE91A67381EF04C84A9139;
			minimizedProjectReferenceProxies = 1;
			preferredProjectObjectVersion = 77;
			productRefGroup = 2BDFA7A84174F6CD090BAF40 /* Products */;
			projectDirPath = "";
			projectRoot = "";
			targets = (
				D1C1AA6240A0F754C12D491D /* ClementCall */,
			);
		};
/* End PBXProject section */

/* Begin PBXSourcesBuildPhase section */
		229443AFDF22BE7905967EA6 /* Sources */ = {
			isa = PBXSourcesBuildPhase;
			buildActionMask = 2147483647;
			files = (
				7E2E5F63F4508258DF6593B3 /* AudioPipeline.swift in Sources */,
				2C8FC280293D81C17BFE76F1 /* CallSession.swift in Sources */,
				D56DB8E799FD019B57FAC61A /* CallView.swift in Sources */,
				675A3802E1B12DD7F6EB87B5 /* ClementCallApp.swift in Sources */,
				49E93AC3D3B89501DDB173EF /* ElevenLabsSocket.swift in Sources */,
			);
			runOnlyForDeploymentPostprocessing = 0;
		};
/* End PBXSourcesBuildPhase section */

/* Begin XCBuildConfiguration section */
		065AF2A908CD7403468A7B03 /* Release */ = {
			isa = XCBuildConfiguration;
			buildSettings = {
				ASSETCATALOG_COMPILER_APPICON_NAME = AppIcon;
				CODE_SIGN_IDENTITY = "iPhone Developer";
				GENERATE_INFOPLIST_FILE = NO;
				INFOPLIST_FILE = ClementCall/Info.plist;
				LD_RUNPATH_SEARCH_PATHS = (
					"$(inherited)",
					"@executable_path/Frameworks",
				);
				PRODUCT_BUNDLE_IDENTIFIER = com.rovalapps.ClementCall;
				SDKROOT = iphoneos;
				TARGETED_DEVICE_FAMILY = "1,2";
			};
			name = Release;
		};
		25EAD68B0688B164BEAF5A73 /* Debug */ = {
			isa = XCBuildConfiguration;
			buildSettings = {
				ASSETCATALOG_COMPILER_APPICON_NAME = AppIcon;
				CODE_SIGN_IDENTITY = "iPhone Developer";
				GENERATE_INFOPLIST_FILE = NO;
				INFOPLIST_FILE = ClementCall/Info.plist;
				LD_RUNPATH_SEARCH_PATHS = (
					"$(inherited)",
					"@executable_path/Frameworks",
				);
				PRODUCT_BUNDLE_IDENTIFIER = com.rovalapps.ClementCall;
				SDKROOT = iphoneos;
				TARGETED_DEVICE_FAMILY = "1,2";
			};
			name = Debug;
		};
		340F235E37DF93A628161F23 /* Release */ = {
			isa = XCBuildConfiguration;
			buildSettings = {
				ALWAYS_SEARCH_USER_PATHS = NO;
				CLANG_ANALYZER_NONNULL = YES;
				CLANG_ANALYZER_NUMBER_OBJECT_CONVERSION = YES_AGGRESSIVE;
				CLANG_CXX_LANGUAGE_STANDARD = "gnu++14";
				CLANG_CXX_LIBRARY = "libc++";
				CLANG_ENABLE_MODULES = YES;
				CLANG_ENABLE_OBJC_ARC = YES;
				CLANG_ENABLE_OBJC_WEAK = YES;
				CLANG_WARN_BLOCK_CAPTURE_AUTORELEASING = YES;
				CLANG_WARN_BOOL_CONVERSION = YES;
				CLANG_WARN_COMMA = YES;
				CLANG_WARN_CONSTANT_CONVERSION = YES;
				CLANG_WARN_DEPRECATED_OBJC_IMPLEMENTATIONS = YES;
				CLANG_WARN_DIRECT_OBJC_ISA_USAGE = YES_ERROR;
				CLANG_WARN_DOCUMENTATION_COMMENTS = YES;
				CLANG_WARN_EMPTY_BODY = YES;
				CLANG_WARN_ENUM_CONVERSION = YES;
				CLANG_WARN_INFINITE_RECURSION = YES;
				CLANG_WARN_INT_CONVERSION = YES;
				CLANG_WARN_NON_LITERAL_NULL_CONVERSION = YES;
				CLANG_WARN_OBJC_IMPLICIT_RETAIN_SELF = YES;
				CLANG_WARN_OBJC_LITERAL_CONVERSION = YES;
				CLANG_WARN_OBJC_ROOT_CLASS = YES_ERROR;
				CLANG_WARN_QUOTED_INCLUDE_IN_FRAMEWORK_HEADER = YES;
				CLANG_WARN_RANGE_LOOP_ANALYSIS = YES;
				CLANG_WARN_STRICT_PROTOTYPES = YES;
				CLANG_WARN_SUSPICIOUS_MOVE = YES;
				CLANG_WARN_UNGUARDED_AVAILABILITY = YES_AGGRESSIVE;
				CLANG_WARN_UNREACHABLE_CODE = YES;
				CLANG_WARN__DUPLICATE_METHOD_MATCH = YES;
				CODE_SIGN_STYLE = Automatic;
				COPY_PHASE_STRIP = NO;
				DEBUG_INFORMATION_FORMAT = "dwarf-with-dsym";
				DEVELOPMENT_TEAM = WPBZD3BH2S;
				ENABLE_NS_ASSERTIONS = NO;
				ENABLE_STRICT_OBJC_MSGSEND = YES;
				GCC_C_LANGUAGE_STANDARD = gnu11;
				GCC_NO_COMMON_BLOCKS = YES;
				GCC_WARN_64_TO_32_BIT_CONVERSION = YES;
				GCC_WARN_ABOUT_RETURN_TYPE = YES_ERROR;
				GCC_WARN_UNDECLARED_SELECTOR = YES;
				GCC_WARN_UNINITIALIZED_AUTOS = YES_AGGRESSIVE;
				GCC_WARN_UNUSED_FUNCTION = YES;
				GCC_WARN_UNUSED_VARIABLE = YES;
				IPHONEOS_DEPLOYMENT_TARGET = 17.0;
				MTL_ENABLE_DEBUG_INFO = NO;
				MTL_FAST_MATH = YES;
				PRODUCT_NAME = "$(TARGET_NAME)";
				SDKROOT = iphoneos;
				SWIFT_COMPILATION_MODE = wholemodule;
				SWIFT_OPTIMIZATION_LEVEL = "-O";
				SWIFT_STRICT_CONCURRENCY = minimal;
				SWIFT_VERSION = 5.0;
				TARGETED_DEVICE_FAMILY = 1;
			};
			name = Release;
		};
		36F902B792132E78AE04E2BD /* Debug */ = {
			isa = XCBuildConfiguration;
			buildSettings = {
				ALWAYS_SEARCH_USER_PATHS = NO;
				CLANG_ANALYZER_NONNULL = YES;
				CLANG_ANALYZER_NUMBER_OBJECT_CONVERSION = YES_AGGRESSIVE;
				CLANG_CXX_LANGUAGE_STANDARD = "gnu++14";
				CLANG_CXX_LIBRARY = "libc++";
				CLANG_ENABLE_MODULES = YES;
				CLANG_ENABLE_OBJC_ARC = YES;
				CLANG_ENABLE_OBJC_WEAK = YES;
				CLANG_WARN_BLOCK_CAPTURE_AUTORELEASING = YES;
				CLANG_WARN_BOOL_CONVERSION = YES;
				CLANG_WARN_COMMA = YES;
				CLANG_WARN_CONSTANT_CONVERSION = YES;
				CLANG_WARN_DEPRECATED_OBJC_IMPLEMENTATIONS = YES;
				CLANG_WARN_DIRECT_OBJC_ISA_USAGE = YES_ERROR;
				CLANG_WARN_DOCUMENTATION_COMMENTS = YES;
				CLANG_WARN_EMPTY_BODY = YES;
				CLANG_WARN_ENUM_CONVERSION = YES;
				CLANG_WARN_INFINITE_RECURSION = YES;
				CLANG_WARN_INT_CONVERSION = YES;
				CLANG_WARN_NON_LITERAL_NULL_CONVERSION = YES;
				CLANG_WARN_OBJC_IMPLICIT_RETAIN_SELF = YES;
				CLANG_WARN_OBJC_LITERAL_CONVERSION = YES;
				CLANG_WARN_OBJC_ROOT_CLASS = YES_ERROR;
				CLANG_WARN_QUOTED_INCLUDE_IN_FRAMEWORK_HEADER = YES;
				CLANG_WARN_RANGE_LOOP_ANALYSIS = YES;
				CLANG_WARN_STRICT_PROTOTYPES = YES;
				CLANG_WARN_SUSPICIOUS_MOVE = YES;
				CLANG_WARN_UNGUARDED_AVAILABILITY = YES_AGGRESSIVE;
				CLANG_WARN_UNREACHABLE_CODE = YES;
				CLANG_WARN__DUPLICATE_METHOD_MATCH = YES;
				CODE_SIGN_STYLE = Automatic;
				COPY_PHASE_STRIP = NO;
				DEBUG_INFORMATION_FORMAT = dwarf;
				DEVELOPMENT_TEAM = WPBZD3BH2S;
				ENABLE_STRICT_OBJC_MSGSEND = YES;
				ENABLE_TESTABILITY = YES;
				GCC_C_LANGUAGE_STANDARD = gnu11;
				GCC_DYNAMIC_NO_PIC = NO;
				GCC_NO_COMMON_BLOCKS = YES;
				GCC_OPTIMIZATION_LEVEL = 0;
				GCC_PREPROCESSOR_DEFINITIONS = (
					"$(inherited)",
					"DEBUG=1",
				);
				GCC_WARN_64_TO_32_BIT_CONVERSION = YES;
				GCC_WARN_ABOUT_RETURN_TYPE = YES_ERROR;
				GCC_WARN_UNDECLARED_SELECTOR = YES;
				GCC_WARN_UNINITIALIZED_AUTOS = YES_AGGRESSIVE;
				GCC_WARN_UNUSED_FUNCTION = YES;
				GCC_WARN_UNUSED_VARIABLE = YES;
				IPHONEOS_DEPLOYMENT_TARGET = 17.0;
				MTL_ENABLE_DEBUG_INFO = INCLUDE_SOURCE;
				MTL_FAST_MATH = YES;
				ONLY_ACTIVE_ARCH = YES;
				PRODUCT_NAME = "$(TARGET_NAME)";
				SDKROOT = iphoneos;
				SWIFT_ACTIVE_COMPILATION_CONDITIONS = DEBUG;
				SWIFT_OPTIMIZATION_LEVEL = "-Onone";
				SWIFT_STRICT_CONCURRENCY = minimal;
				SWIFT_VERSION = 5.0;
				TARGETED_DEVICE_FAMILY = 1;
			};
			name = Debug;
		};
/* End XCBuildConfiguration section */

/* Begin XCConfigurationList section */
		4A0A405678E23FF5CAFCB780 /* Build configuration list for PBXNativeTarget "ClementCall" */ = {
			isa = XCConfigurationList;
			buildConfigurations = (
				25EAD68B0688B164BEAF5A73 /* Debug */,
				065AF2A908CD7403468A7B03 /* Release */,
			);
			defaultConfigurationIsVisible = 0;
			defaultConfigurationName = Debug;
		};
		4BFC5EC0EC7C616D2A66EAA5 /* Build configuration list for PBXProject "ClementCall" */ = {
			isa = XCConfigurationList;
			buildConfigurations = (
				36F902B792132E78AE04E2BD /* Debug */,
				340F235E37DF93A628161F23 /* Release */,
			);
			defaultConfigurationIsVisible = 0;
			defaultConfigurationName = Debug;
		};
/* End XCConfigurationList section */
	};
	rootObject = C44736AD94758C653E5455F5 /* Project object */;
}
